
Microsoft Visual Studio Solution File, Format Version 12.00
# Visual Studio Version 17
VisualStudioVersion = 17.0.31903.59
MinimumVisualStudioVersion = 10.0.40219.1
Project("{FAE04EC0-301F-11D3-BF4B-00C04F79EFBC}") = "MyApp.AutoGenerated", "core.AutoGenerated\MyApp.AutoGenerated.csproj", "{3C8CA197-2907-E71C-86E5-675DA4839A48}"
EndProject
Project("{FAE04EC0-301F-11D3-BF4B-00C04F79EFBC}") = "MyApp", "Core\MyApp.csproj", "{7C630E4F-463C-44B7-B756-24DF27070C3C}"
EndProject
Project("{FAE04EC0-301F-11D3-BF4B-00C04F79EFBC}") = "MyApp.WebApi", "WebApi\MyApp.WebApi.csproj", "{A4B586B4-6734-4234-9823-2A385ABE8F93}"
EndProject
Project("{FAE04EC0-301F-11D3-BF4B-00C04F79EFBC}") = "MyApp.UnitTest", "UnitTest\MyApp.UnitTest.csproj", "{03D00590-725F-40DA-A541-4052BBDF6447}"
EndProject
Global
	GlobalSection(SolutionConfigurationPlatforms) = preSolution
		Debug|Any CPU = Debug|Any CPU
		Debug|x64 = Debug|x64
		Debug|x86 = Debug|x86
		Release|Any CPU = Release|Any CPU
		Release|x64 = Release|x64
		Release|x86 = Release|x86
	EndGlobalSection
	GlobalSection(ProjectConfigurationPlatforms) = postSolution
		{3C8CA197-2907-E71C-86E5-675DA4839A48}.Debug|Any CPU.ActiveCfg = Debug|Any CPU
		{3C8CA197-2907-E71C-86E5-675DA4839A48}.Debug|Any CPU.Build.0 = Debug|Any CPU
		{3C8CA197-2907-E71C-86E5-675DA4839A48}.Debug|x64.ActiveCfg = Debug|Any CPU
		{3C8CA197-2907-E71C-86E5-675DA4839A48}.Debug|x64.Build.0 = Debug|Any CPU
		{3C8CA197-2907-E71C-86E5-675DA4839A48}.Debug|x86.ActiveCfg = Debug|Any CPU
		{3C8CA197-2907-E71C-86E5-675DA4839A48}.Debug|x86.Build.0 = Debug|Any CPU
		{3C8CA197-2907-E71C-86E5-675DA4839A48}.Release|Any CPU.ActiveCfg = Release|Any CPU
		{3C8CA197-2907-E71C-86E5-675DA4839A48}.Release|Any CPU.Build.0 = Release|Any CPU
		{3C8CA197-2907-E71C-86E5-675DA4839A48}.Release|x64.ActiveCfg = Release|Any CPU
		{3C8CA197-2907-E71C-86E5-675DA4839A48}.Release|x64.Build.0 = Release|Any CPU
		{3C8CA197-2907-E71C-86E5-675DA4839A48}.Release|x86.ActiveCfg = Release|Any CPU
		{3C8CA197-2907-E71C-86E5-675DA4839A48}.Release|x86.Build.0 = Release|Any CPU
		{7C630E4F-463C-44B7-B756-24DF27070C3C}.Debug|Any CPU.ActiveCfg = Debug|Any CPU
		{7C630E4F-463C-44B7-B756-24DF27070C3C}.Debug|Any CPU.Build.0 = Debug|Any CPU
		{7C630E4F-463C-44B7-B756-24DF27070C3C}.Debug|x64.ActiveCfg = Debug|Any CPU
		{7C630E4F-463C-44B7-B756-24DF27070C3C}.Debug|x64.Build.0 = Debug|Any CPU
		{7C630E4F-463C-44B7-B756-24DF27070C3C}.Debug|x86.ActiveCfg = Debug|Any CPU
		{7C630E4F-463C-44B7-B756-24DF27070C3C}.Debug|x86.Build.0 = Debug|Any CPU
		{7C630E4F-463C-44B7-B756-24DF27070C3C}.Release|Any CPU.ActiveCfg = Release|Any CPU
		{7C630E4F-463C-44B7-B756-24DF27070C3C}.Release|Any CPU.Build.0 = Release|Any CPU
		{7C630E4F-463C-44B7-B756-24DF27070C3C}.Release|x64.ActiveCfg = Release|Any CPU
		{7C630E4F-463C-44B7-B756-24DF27070C3C}.Release|x64.Build.0 = Release|Any CPU
		{7C630E4F-463C-44B7-B756-24DF27070C3C}.Release|x86.ActiveCfg = Release|Any CPU
		{7C630E4F-463C-44B7-B756-24DF27070C3C}.Release|x86.Build.0 = Release|Any CPU
		{A4B586B4-6734-4234-9823-2A385ABE8F93}.Debug|Any CPU.ActiveCfg = Debug|Any CPU
		{A4B586B4-6734-4234-9823-2A385ABE8F93}.Debug|Any CPU.Build.0 = Debug|Any CPU
		{A4B586B4-6734-4234-9823-2A385ABE8F93}.Debug|x64.ActiveCfg = Debug|Any CPU
		{A4B586B4-6734-4234-9823-2A385ABE8F93}.Debug|x64.Build.0 = Debug|Any CPU
		{A4B586B4-6734-4234-9823-2A385ABE8F93}.Debug|x86.ActiveCfg = Debug|Any CPU
		{A4B586B4-6734-4234-9823-2A385ABE8F93}.Debug|x86.Build.0 = Debug|Any CPU
		{A4B586B4-6734-4234-9823-2A385ABE8F93}.Release|Any CPU.ActiveCfg = Release|Any CPU
		{A4B586B4-6734-4234-9823-2A385ABE8F93}.Release|Any CPU.Build.0 = Release|Any CPU
		{A4B586B4-6734-4234-9823-2A385ABE8F93}.Release|x64.ActiveCfg = Release|Any CPU
		{A4B586B4-6734-4234-9823-2A385ABE8F93}.Release|x64.Build.0 = Release|Any CPU
		{A4B586B4-6734-4234-9823-2A385ABE8F93}.Release|x86.ActiveCfg = Release|Any CPU
		{A4B586B4-6734-4234-9823-2A385ABE8F93}.Release|x86.Build.0 = Release|Any CPU
		{03D00590-725F-40DA-A541-4052BBDF6447}.Debug|Any CPU.ActiveCfg = Debug|Any CPU
		{03D00590-725F-40DA-A541-4052BBDF6447}.Debug|Any CPU.Build.0 = Debug|Any CPU
		{03D00590-725F-40DA-A541-4052BBDF6447}.Debug|x64.ActiveCfg = Debug|Any CPU
		{03D00590-725F-40DA-A541-4052BBDF6447}.Debug|x64.Build.0 = Debug|Any CPU
		{03D00590-725F-40DA-A541-4052BBDF6447}.Debug|x86.ActiveCfg = Debug|Any CPU
		{03D00590-725F-40DA-A541-4052BBDF6447}.Debug|x86.Build.0 = Debug|Any CPU
		{03D00590-725F-40DA-A541-4052BBDF6447}.Release|Any CPU.ActiveCfg = Release|Any CPU
		{03D00590-725F-40DA-A541-4052BBDF6447}.Release|Any CPU.Build.0 = Release|Any CPU
		{03D00590-725F-40DA-A541-4052BBDF6447}.Release|x64.ActiveCfg = Release|Any CPU
		{03D00590-725F-40DA-A541-4052BBDF6447}.Release|x64.Build.0 = Release|Any CPU
		{03D00590-725F-40DA-A541-4052BBDF6447}.Release|x86.ActiveCfg = Release|Any CPU
		{03D00590-725F-40DA-A541-4052BBDF6447}.Release|x86.Build.0 = Release|Any CPU
	EndGlobalSection
	GlobalSection(SolutionProperties) = preSolution
		HideSolutionNode = FALSE
	EndGlobalSection
EndGlobal
